
Microsoft Visual Studio Solution File, Format Version 12.00
# Visual Studio Version 17
VisualStudioVersion = 17.1.32210.238
MinimumVisualStudioVersion = 10.0.40219.1
Project("{FAE04EC0-301F-11D3-BF4B-00C04F79EFBC}") = "WpfApp1", "WpfApp1\WpfApp1.csproj", "{B4C1718F-2BCC-42B6-B251-3042DA3F346B}"
EndProject
Global
	GlobalSection(SolutionConfigurationPlatforms) = preSolution
		Debug|Any CPU = Debug|Any CPU
		Release|Any CPU = Release|Any CPU
	EndGlobalSection
	GlobalSection(ProjectConfigurationPlatforms) = postSolution
		{B4C1718F-2BCC-42B6-B251-3042DA3F346B}.Debug|Any CPU.ActiveCfg = Debug|Any CPU
		{B4C1718F-2BCC-42B6-B251-3042DA3F346B}.Debug|Any CPU.Build.0 = Debug|Any CPU
		{B4C1718F-2BCC-42B6-B251-3042DA3F346B}.Release|Any CPU.ActiveCfg = Release|Any CPU
		{B4C1718F-2BCC-42B6-B251-3042DA3F346B}.Release|Any CPU.Build.0 = Release|Any CPU
	EndGlobalSection
	GlobalSection(SolutionProperties) = preSolution
		HideSolutionNode = FALSE
	EndGlobalSection
	GlobalSection(ExtensibilityGlobals) = postSolution
		SolutionGuid = {CF732205-A600-4E3C-9A90-C2148B39ED21}
	EndGlobalSection
EndGlobal
